// !$*UTF8*$!
{
	archiveVersion = 1;
	classes = {
	};
	objectVersion = 50;
	objects = {

/* Begin PBXBuildFile section */
		9F021D25249D0013001E26AA /* AppDelegate.swift in Sources */ = {isa = PBXBuildFile; fileRef = 9F021D24249D0013001E26AA /* AppDelegate.swift */; };
		9F021D27249D0013001E26AA /* SceneDelegate.swift in Sources */ = {isa = PBXBuildFile; fileRef = 9F021D26249D0013001E26AA /* SceneDelegate.swift */; };
		9F021D29249D0013001E26AA /* ViewController.swift in Sources */ = {isa = PBXBuildFile; fileRef = 9F021D28249D0013001E26AA /* ViewController.swift */; };
		9F021D2C249D0013001E26AA /* Main.storyboard in Resources */ = {isa = PBXBuildFile; fileRef = 9F021D2A249D0013001E26AA /* Main.storyboard */; };
		9F021D2F249D0013001E26AA /* buddy.xcdatamodeld in Sources */ = {isa = PBXBuildFile; fileRef = 9F021D2D249D0013001E26AA /* buddy.xcdatamodeld */; };
		9F021D31249D0018001E26AA /* Assets.xcassets in Resources */ = {isa = PBXBuildFile; fileRef = 9F021D30249D0018001E26AA /* Assets.xcassets */; };
		9F021D34249D0018001E26AA /* LaunchScreen.storyboard in Resources */ = {isa = PBXBuildFile; fileRef = 9F021D32249D0018001E26AA /* LaunchScreen.storyboard */; };
/* End PBXBuildFile section */

/* Begin PBXFileReference section */
		9F021D21249D0013001E26AA /* buddy.app */ = {isa = PBXFileReference; explicitFileType = wrapper.application; includeInIndex = 0; path = buddy.app; sourceTree = BUILT_PRODUCTS_DIR; };
		9F021D24249D0013001E26AA /* AppDelegate.swift */ = {isa = PBXFileReference; lastKnownFileType = sourcecode.swift; path = AppDelegate.swift; sourceTree = "<group>"; };
		9F021D26249D0013001E26AA /* SceneDelegate.swift */ = {isa = PBXFileReference; lastKnownFileType = sourcecode.swift; path = SceneDelegate.swift; sourceTree = "<group>"; };
		9F021D28249D0013001E26AA /* ViewController.swift */ = {isa = PBXFileReference; lastKnownFileType = sourcecode.swift; path = ViewController.swift; sourceTree = "<group>"; };
		9F021D2B249D0013001E26AA /* Base */ = {isa = PBXFileReference; lastKnownFileType = file.storyboard; name = Base; path = Base.lproj/Main.storyboard; sourceTree = "<group>"; };
		9F021D2E249D0013001E26AA /* buddy.xcdatamodel */ = {isa = PBXFileReference; lastKnownFileType = wrapper.xcdatamodel; path = buddy.xcdatamodel; sourceTree = "<group>"; };
		9F021D30249D0018001E26AA /* Assets.xcassets */ = {isa = PBXFileReference; lastKnownFileType = folder.assetcatalog; path = Assets.xcassets; sourceTree = "<group>"; };
		9F021D33249D0018001E26AA /* Base */ = {isa = PBXFileReference; lastKnownFileType = file.storyboard; name = Base; path = Base.lproj/LaunchScreen.storyboard; sourceTree = "<group>"; };
		9F021D35249D0018001E26AA /* Info.plist */ = {isa = PBXFileReference; lastKnownFileType = text.plist.xml; path = Info.plist; sourceTree = "<group>"; };
/* End PBXFileReference section */

/* Begin PBXFrameworksBuildPhase section */
		9F021D1E249D0013001E26AA /* Frameworks */ = {
			isa = PBXFrameworksBuildPhase;
			buildActionMask = 2147483647;
			files = (
			);
			runOnlyForDeploymentPostprocessing = 0;
		};
/* End PBXFrameworksBuildPhase section */

/* Begin PBXGroup section */
		9F021D18249D0013001E26AA = {
			isa = PBXGroup;
			children = (
				9F021D23249D0013001E26AA /* buddy */,
				9F021D22249D0013001E26AA /* Products */,
			);
			sourceTree = "<group>";
		};
		9F021D22249D0013001E26AA /* Products */ = {
			isa = PBXGroup;
			children = (
				9F021D21249D0013001E26AA /* buddy.app */,
			);
			name = Products;
			sourceTree = "<group>";
		};
		9F021D23249D0013001E26AA /* buddy */ = {
			isa = PBXGroup;
			children = (
				9F021D24249D0013001E26AA /* AppDelegate.swift */,
				9F021D26249D0013001E26AA /* SceneDelegate.swift */,
				9F021D28249D0013001E26AA /* ViewController.swift */,
				9F021D2A249D0013001E26AA /* Main.storyboard */,
				9F021D30249D0018001E26AA /* Assets.xcassets */,
				9F021D32249D0018001E26AA /* LaunchScreen.storyboard */,
				9F021D35249D0018001E26AA /* Info.plist */,
				9F021D2D249D0013001E26AA /* buddy.xcdatamodeld */,
			);
			path = buddy;
			sourceTree = "<group>";
		};
/* End PBXGroup section */

/* Begin PBXNativeTarget section */
		9F021D20249D0013001E26AA /* buddy */ = {
			isa = PBXNativeTarget;
			buildConfigurationList = 9F021D38249D0018001E26AA /* Build configuration list for PBXNativeTarget "buddy" */;
			buildPhases = (
				9F021D1D249D0013001E26AA /* Sources */,
				9F021D1E249D0013001E26AA /* Frameworks */,
				9F021D1F249D0013001E26AA /* Resources */,
			);
			buildRules = (
			);
			dependencies = (
			);
			name = buddy;
			productName = buddy;
			productReference = 9F021D21249D0013001E26AA /* buddy.app */;
			productType = "com.apple.product-type.application";
		};
/* End PBXNativeTarget section */

/* Begin PBXProject section */
		9F021D19249D0013001E26AA /* Project object */ = {
			isa = PBXProject;
			attributes = {
				LastSwiftUpdateCheck = 1130;
				LastUpgradeCheck = 1130;
				ORGANIZATIONNAME = "Maggie Guan";
				TargetAttributes = {
					9F021D20249D0013001E26AA = {
						CreatedOnToolsVersion = 11.3.1;
					};
				};
			};
			buildConfigurationList = 9F021D1C249D0013001E26AA /* Build configuration list for PBXProject "buddy" */;
			compatibilityVersion = "Xcode 9.3";
			developmentRegion = en;
			hasScannedForEncodings = 0;
			knownRegions = (
				en,
				Base,
			);
			mainGroup = 9F021D18249D0013001E26AA;
			productRefGroup = 9F021D22249D0013001E26AA /* Products */;
			projectDirPath = "";
			projectRoot = "";
			targets = (
				9F021D20249D0013001E26AA /* buddy */,
			);
		};
/* End PBXProject section */

/* Begin PBXResourcesBuildPhase section */
		9F021D1F249D0013001E26AA /* Resources */ = {
			isa = PBXResourcesBuildPhase;
			buildActionMask = 2147483647;
			files = (
				9F021D34249D0018001E26AA /* LaunchScreen.storyboard in Resources */,
				9F021D31249D0018001E26AA /* Assets.xcassets in Resources */,
				9F021D2C249D0013001E26AA /* Main.storyboard in Resources */,
			);
			runOnlyForDeploymentPostprocessing = 0;
		};
/* End PBXResourcesBuildPhase section */

/* Begin PBXSourcesBuildPhase section */
		9F021D1D249D0013001E26AA /* Sources */ = {
			isa = PBXSourcesBuildPhase;
			buildActionMask = 2147483647;
			files = (
				9F021D29249D0013001E26AA /* ViewController.swift in Sources */,
				9F021D25249D0013001E26AA /* AppDelegate.swift in Sources */,
				9F021D2F249D0013001E26AA /* buddy.xcdatamodeld in Sources */,
				9F021D27249D0013001E26AA /* SceneDelegate.swift in Sources */,
			);
			runOnlyForDeploymentPostprocessing = 0;
		};
/* End PBXSourcesBuildPhase section */

/* Begin PBXVariantGroup section */
		9F021D2A249D0013001E26AA /* Main.storyboard */ = {
			isa = PBXVariantGroup;
			children = (
				9F021D2B249D0013001E26AA /* Base */,
			);
			name = Main.storyboard;
			sourceTree = "<group>";
		};
		9F021D32249D0018001E26AA /* LaunchScreen.storyboard */ = {
			isa = PBXVariantGroup;
			children = (
				9F021D33249D0018001E26AA /* Base */,
			);
			name = LaunchScreen.storyboard;
			sourceTree = "<group>";
		};
/* End PBXVariantGroup section */

/* Begin XCBuildConfiguration section */
		9F021D36249D0018001E26AA /* Debug */ = {
			isa = XCBuildConfiguration;
			buildSettings = {
				ALWAYS_SEARCH_USER_PATHS = NO;
				CLANG_ANALYZER_NONNULL = YES;
				CLANG_ANALYZER_NUMBER_OBJECT_CONVERSION = YES_AGGRESSIVE;
				CLANG_CXX_LANGUAGE_STANDARD = "gnu++14";
				CLANG_CXX_LIBRARY = "libc++";
				CLANG_ENABLE_MODULES = YES;
				CLANG_ENABLE_OBJC_ARC = YES;
				CLANG_ENABLE_OBJC_WEAK = YES;
				CLANG_WARN_BLOCK_CAPTURE_AUTORELEASING = YES;
				CLANG_WARN_BOOL_CONVERSION = YES;
				CLANG_WARN_COMMA = YES;
				CLANG_WARN_CONSTANT_CONVERSION = YES;
				CLANG_WARN_DEPRECATED_OBJC_IMPLEMENTATIONS = YES;
				CLANG_WARN_DIRECT_OBJC_ISA_USAGE = YES_ERROR;
				CLANG_WARN_DOCUMENTATION_COMMENTS = YES;
				CLANG_WARN_EMPTY_BODY = YES;
				CLANG_WARN_ENUM_CONVERSION = YES;
				CLANG_WARN_INFINITE_RECURSION = YES;
				CLANG_WARN_INT_CONVERSION = YES;
				CLANG_WARN_NON_LITERAL_NULL_CONVERSION = YES;
				CLANG_WARN_OBJC_IMPLICIT_RETAIN_SELF = YES;
				CLANG_WARN_OBJC_LITERAL_CONVERSION = YES;
				CLANG_WARN_OBJC_ROOT_CLASS = YES_ERROR;
				CLANG_WARN_RANGE_LOOP_ANALYSIS = YES;
				CLANG_WARN_STRICT_PROTOTYPES = YES;
				CLANG_WARN_SUSPICIOUS_MOVE = YES;
				CLANG_WARN_UNGUARDED_AVAILABILITY = YES_AGGRESSIVE;
				CLANG_WARN_UNREACHABLE_CODE = YES;
				CLANG_WARN__DUPLICATE_METHOD_MATCH = YES;
				COPY_PHASE_STRIP = NO;
				DEBUG_INFORMATION_FORMAT = dwarf;
				ENABLE_STRICT_OBJC_MSGSEND = YES;
				ENABLE_TESTABILITY = YES;
				GCC_C_LANGUAGE_STANDARD = gnu11;
				GCC_DYNAMIC_NO_PIC = NO;
				GCC_NO_COMMON_BLOCKS = YES;
				GCC_OPTIMIZATION_LEVEL = 0;
				GCC_PREPROCESSOR_DEFINITIONS = (
					"DEBUG=1",
					"$(inherited)",
				);
				GCC_WARN_64_TO_32_BIT_CONVERSION = YES;
				GCC_WARN_ABOUT_RETURN_TYPE = YES_ERROR;
				GCC_WARN_UNDECLARED_SELECTOR = YES;
				GCC_WARN_UNINITIALIZED_AUTOS = YES_AGGRESSIVE;
				GCC_WARN_UNUSED_FUNCTION = YES;
				GCC_WARN_UNUSED_VARIABLE = YES;
				IPHONEOS_DEPLOYMENT_TARGET = 13.2;
				MTL_ENABLE_DEBUG_INFO = INCLUDE_SOURCE;
				MTL_FAST_MATH = YES;
				ONLY_ACTIVE_ARCH = YES;
				SDKROOT = iphoneos;
				SWIFT_ACTIVE_COMPILATION_CONDITIONS = DEBUG;
				SWIFT_OPTIMIZATION_LEVEL = "-Onone";
			};
			name = Debug;
		};
		9F021D37249D0018001E26AA /* Release */ = {
			isa = XCBuildConfiguration;
			buildSettings = {
				ALWAYS_SEARCH_USER_PATHS = NO;
				CLANG_ANALYZER_NONNULL = YES;
				CLANG_ANALYZER_NUMBER_OBJECT_CONVERSION = YES_AGGRESSIVE;
				CLANG_CXX_LANGUAGE_STANDARD = "gnu++14";
				CLANG_CXX_LIBRARY = "libc++";
				CLANG_ENABLE_MODULES = YES;
				CLANG_ENABLE_OBJC_ARC = YES;
				CLANG_ENABLE_OBJC_WEAK = YES;
				CLANG_WARN_BLOCK_CAPTURE_AUTORELEASING = YES;
				CLANG_WARN_BOOL_CONVERSION = YES;
				CLANG_WARN_COMMA = YES;
				CLANG_WARN_CONSTANT_CONVERSION = YES;
				CLANG_WARN_DEPRECATED_OBJC_IMPLEMENTATIONS = YES;
				CLANG_WARN_DIRECT_OBJC_ISA_USAGE = YES_ERROR;
				CLANG_WARN_DOCUMENTATION_COMMENTS = YES;
				CLANG_WARN_EMPTY_BODY = YES;
				CLANG_WARN_ENUM_CONVERSION = YES;
				CLANG_WARN_INFINITE_RECURSION = YES;
				CLANG_WARN_INT_CONVERSION = YES;
				CLANG_WARN_NON_LITERAL_NULL_CONVERSION = YES;
				CLANG_WARN_OBJC_IMPLICIT_RETAIN_SELF = YES;
				CLANG_WARN_OBJC_LITERAL_CONVERSION = YES;
				CLANG_WARN_OBJC_ROOT_CLASS = YES_ERROR;
				CLANG_WARN_RANGE_LOOP_ANALYSIS = YES;
				CLANG_WARN_STRICT_PROTOTYPES = YES;
				CLANG_WARN_SUSPICIOUS_MOVE = YES;
				CLANG_WARN_UNGUARDED_AVAILABILITY = YES_AGGRESSIVE;
				CLANG_WARN_UNREACHABLE_CODE = YES;
				CLANG_WARN__DUPLICATE_METHOD_MATCH = YES;
				COPY_PHASE_STRIP = NO;
				DEBUG_INFORMATION_FORMAT = "dwarf-with-dsym";
				ENABLE_NS_ASSERTIONS = NO;
				ENABLE_STRICT_OBJC_MSGSEND = YES;
				GCC_C_LANGUAGE_STANDARD = gnu11;
				GCC_NO_COMMON_BLOCKS = YES;
				GCC_WARN_64_TO_32_BIT_CONVERSION = YES;
				GCC_WARN_ABOUT_RETURN_TYPE = YES_ERROR;
				GCC_WARN_UNDECLARED_SELECTOR = YES;
				GCC_WARN_UNINITIALIZED_AUTOS = YES_AGGRESSIVE;
				GCC_WARN_UNUSED_FUNCTION = YES;
				GCC_WARN_UNUSED_VARIABLE = YES;
				IPHONEOS_DEPLOYMENT_TARGET = 13.2;
				MTL_ENABLE_DEBUG_INFO = NO;
				MTL_FAST_MATH = YES;
				SDKROOT = iphoneos;
				SWIFT_COMPILATION_MODE = wholemodule;
				SWIFT_OPTIMIZATION_LEVEL = "-O";
				VALIDATE_PRODUCT = YES;
			};
			name = Release;
		};
		9F021D39249D0018001E26AA /* Debug */ = {
			isa = XCBuildConfiguration;
			buildSettings = {
				ASSETCATALOG_COMPILER_APPICON_NAME = AppIcon;
				CODE_SIGN_STYLE = Automatic;
				INFOPLIST_FILE = buddy/Info.plist;
				LD_RUNPATH_SEARCH_PATHS = (
					"$(inherited)",
					"@executable_path/Frameworks",
				);
				PRODUCT_BUNDLE_IDENTIFIER = com.maggieguan.buddy;
				PRODUCT_NAME = "$(TARGET_NAME)";
				SWIFT_VERSION = 5.0;
				TARGETED_DEVICE_FAMILY = "1,2";
			};
			name = Debug;
		};
		9F021D3A249D0018001E26AA /* Release */ = {
			isa = XCBuildConfiguration;
			buildSettings = {
				ASSETCATALOG_COMPILER_APPICON_NAME = AppIcon;
				CODE_SIGN_STYLE = Automatic;
				INFOPLIST_FILE = buddy/Info.plist;
				LD_RUNPATH_SEARCH_PATHS = (
					"$(inherited)",
					"@executable_path/Frameworks",
				);
				PRODUCT_BUNDLE_IDENTIFIER = com.maggieguan.buddy;
				PRODUCT_NAME = "$(TARGET_NAME)";
				SWIFT_VERSION = 5.0;
				TARGETED_DEVICE_FAMILY = "1,2";
			};
			name = Release;
		};
/* End XCBuildConfiguration section */

/* Begin XCConfigurationList section */
		9F021D1C249D0013001E26AA /* Build configuration list for PBXProject "buddy" */ = {
			isa = XCConfigurationList;
			buildConfigurations = (
				9F021D36249D0018001E26AA /* Debug */,
				9F021D37249D0018001E26AA /* Release */,
			);
			defaultConfigurationIsVisible = 0;
			defaultConfigurationName = Release;
		};
		9F021D38249D0018001E26AA /* Build configuration list for PBXNativeTarget "buddy" */ = {
			isa = XCConfigurationList;
			buildConfigurations = (
				9F021D39249D0018001E26AA /* Debug */,
				9F021D3A249D0018001E26AA /* Release */,
			);
			defaultConfigurationIsVisible = 0;
			defaultConfigurationName = Release;
		};
/* End XCConfigurationList section */

/* Begin XCVersionGroup section */
		9F021D2D249D0013001E26AA /* buddy.xcdatamodeld */ = {
			isa = XCVersionGroup;
			children = (
				9F021D2E249D0013001E26AA /* buddy.xcdatamodel */,
			);
			currentVersion = 9F021D2E249D0013001E26AA /* buddy.xcdatamodel */;
			path = buddy.xcdatamodeld;
			sourceTree = "<group>";
			versionGroupType = wrapper.xcdatamodel;
		};
/* End XCVersionGroup section */
	};
	rootObject = 9F021D19249D0013001E26AA /* Project object */;
}
